
Microsoft Visual Studio Solution File, Format Version 12.00
# Visual Studio Version 17
VisualStudioVersion = 17.1.32210.238
MinimumVisualStudioVersion = 10.0.40219.1
Project("{FAE04EC0-301F-11D3-BF4B-00C04F79EFBC}") = "X96J2O_HFT_2021222.Client", "X96J2O_HFT_2021222.Client\X96J2O_HFT_2021222.Client.csproj", "{E95E521B-B161-4BD7-9CD7-7BC283D558BB}"
EndProject
Project("{FAE04EC0-301F-11D3-BF4B-00C04F79EFBC}") = "X96J2O_HFT_2021222.Models", "X96J2O_HFT_2021222.Models\X96J2O_HFT_2021222.Models.csproj", "{6B280DCB-CAE0-48EC-AD5C-7DA9E5B61300}"
EndProject
Project("{FAE04EC0-301F-11D3-BF4B-00C04F79EFBC}") = "X96J2O_HFT_2021222.Logic", "X96J2O_HFT_2021222.Logic\X96J2O_HFT_2021222.Logic.csproj", "{1542EACE-D9D1-4A03-BA7F-7125773FF79F}"
EndProject
Project("{FAE04EC0-301F-11D3-BF4B-00C04F79EFBC}") = "X96J2O_HFT_2021222.Repository", "X96J2O_HFT_2021222.Repository\X96J2O_HFT_2021222.Repository.csproj", "{C88CB361-6D85-4025-9AAE-026A1890421A}"
EndProject
Project("{FAE04EC0-301F-11D3-BF4B-00C04F79EFBC}") = "X96J2O_HFT_2021222.Endpoint", "X96J2O_HFT_2021222.Endpoint\X96J2O_HFT_2021222.Endpoint.csproj", "{69058AE5-EE6C-464E-B4DC-DB731C562B1E}"
EndProject
Project("{FAE04EC0-301F-11D3-BF4B-00C04F79EFBC}") = "X96J2O_HFT_2021222.Test", "X96J2O_HFT_2021222.Test\X96J2O_HFT_2021222.Test.csproj", "{D915BF2A-A897-493F-AD74-3301250C7E2F}"
EndProject
Project("{2150E333-8FDC-42A3-9474-1A3956D46DE8}") = "Backend", "Backend", "{93C3428C-1561-4BA6-92CC-35FC944D5CBE}"
EndProject
Project("{2150E333-8FDC-42A3-9474-1A3956D46DE8}") = "Frontend", "Frontend", "{4F36029C-5826-480A-8F8D-97C3C1CCF87F}"
EndProject
Project("{2150E333-8FDC-42A3-9474-1A3956D46DE8}") = "Shared", "Shared", "{167EE558-5F5E-41CD-8966-C1430D7584E3}"
EndProject
Global
	GlobalSection(SolutionConfigurationPlatforms) = preSolution
		Debug|Any CPU = Debug|Any CPU
		Release|Any CPU = Release|Any CPU
	EndGlobalSection
	GlobalSection(ProjectConfigurationPlatforms) = postSolution
		{E95E521B-B161-4BD7-9CD7-7BC283D558BB}.Debug|Any CPU.ActiveCfg = Debug|Any CPU
		{E95E521B-B161-4BD7-9CD7-7BC283D558BB}.Debug|Any CPU.Build.0 = Debug|Any CPU
		{E95E521B-B161-4BD7-9CD7-7BC283D558BB}.Release|Any CPU.ActiveCfg = Release|Any CPU
		{E95E521B-B161-4BD7-9CD7-7BC283D558BB}.Release|Any CPU.Build.0 = Release|Any CPU
		{6B280DCB-CAE0-48EC-AD5C-7DA9E5B61300}.Debug|Any CPU.ActiveCfg = Debug|Any CPU
		{6B280DCB-CAE0-48EC-AD5C-7DA9E5B61300}.Debug|Any CPU.Build.0 = Debug|Any CPU
		{6B280DCB-CAE0-48EC-AD5C-7DA9E5B61300}.Release|Any CPU.ActiveCfg = Release|Any CPU
		{6B280DCB-CAE0-48EC-AD5C-7DA9E5B61300}.Release|Any CPU.Build.0 = Release|Any CPU
		{1542EACE-D9D1-4A03-BA7F-7125773FF79F}.Debug|Any CPU.ActiveCfg = Debug|Any CPU
		{1542EACE-D9D1-4A03-BA7F-7125773FF79F}.Debug|Any CPU.Build.0 = Debug|Any CPU
		{1542EACE-D9D1-4A03-BA7F-7125773FF79F}.Release|Any CPU.ActiveCfg = Release|Any CPU
		{1542EACE-D9D1-4A03-BA7F-7125773FF79F}.Release|Any CPU.Build.0 = Release|Any CPU
		{C88CB361-6D85-4025-9AAE-026A1890421A}.Debug|Any CPU.ActiveCfg = Debug|Any CPU
		{C88CB361-6D85-4025-9AAE-026A1890421A}.Debug|Any CPU.Build.0 = Debug|Any CPU
		{C88CB361-6D85-4025-9AAE-026A1890421A}.Release|Any CPU.ActiveCfg = Release|Any CPU
		{C88CB361-6D85-4025-9AAE-026A1890421A}.Release|Any CPU.Build.0 = Release|Any CPU
		{69058AE5-EE6C-464E-B4DC-DB731C562B1E}.Debug|Any CPU.ActiveCfg = Debug|Any CPU
		{69058AE5-EE6C-464E-B4DC-DB731C562B1E}.Debug|Any CPU.Build.0 = Debug|Any CPU
		{69058AE5-EE6C-464E-B4DC-DB731C562B1E}.Release|Any CPU.ActiveCfg = Release|Any CPU
		{69058AE5-EE6C-464E-B4DC-DB731C562B1E}.Release|Any CPU.Build.0 = Release|Any CPU
		{D915BF2A-A897-493F-AD74-3301250C7E2F}.Debug|Any CPU.ActiveCfg = Debug|Any CPU
		{D915BF2A-A897-493F-AD74-3301250C7E2F}.Debug|Any CPU.Build.0 = Debug|Any CPU
		{D915BF2A-A897-493F-AD74-3301250C7E2F}.Release|Any CPU.ActiveCfg = Release|Any CPU
		{D915BF2A-A897-493F-AD74-3301250C7E2F}.Release|Any CPU.Build.0 = Release|Any CPU
	EndGlobalSection
	GlobalSection(SolutionProperties) = preSolution
		HideSolutionNode = FALSE
	EndGlobalSection
	GlobalSection(NestedProjects) = preSolution
		{E95E521B-B161-4BD7-9CD7-7BC283D558BB} = {4F36029C-5826-480A-8F8D-97C3C1CCF87F}
		{6B280DCB-CAE0-48EC-AD5C-7DA9E5B61300} = {167EE558-5F5E-41CD-8966-C1430D7584E3}
		{1542EACE-D9D1-4A03-BA7F-7125773FF79F} = {93C3428C-1561-4BA6-92CC-35FC944D5CBE}
		{C88CB361-6D85-4025-9AAE-026A1890421A} = {93C3428C-1561-4BA6-92CC-35FC944D5CBE}
		{69058AE5-EE6C-464E-B4DC-DB731C562B1E} = {93C3428C-1561-4BA6-92CC-35FC944D5CBE}
		{D915BF2A-A897-493F-AD74-3301250C7E2F} = {93C3428C-1561-4BA6-92CC-35FC944D5CBE}
	EndGlobalSection
	GlobalSection(ExtensibilityGlobals) = postSolution
		SolutionGuid = {82E16787-D7C4-4075-9EDE-00355EB17B0D}
	EndGlobalSection
EndGlobal
